// !$*UTF8*$!
{
	archiveVersion = 1;
	classes = {
	};
	objectVersion = 46;
	objects = {

/* Begin PBXBuildFile section */
		AB1924911C71FDB100BA94BF /* GroceryItem.swift in Sources */ = {isa = PBXBuildFile; fileRef = AB1924901C71FDB100BA94BF /* GroceryItem.swift */; };
		AB1924931C71FDC400BA94BF /* User.swift in Sources */ = {isa = PBXBuildFile; fileRef = AB1924921C71FDC400BA94BF /* User.swift */; };
		AB1924971C721D5D00BA94BF /* TabsScrollView.swift in Sources */ = {isa = PBXBuildFile; fileRef = AB1924951C721D5D00BA94BF /* TabsScrollView.swift */; };
		AB1924981C721D5D00BA94BF /* TabsViewController.swift in Sources */ = {isa = PBXBuildFile; fileRef = AB1924961C721D5D00BA94BF /* TabsViewController.swift */; };
		AB19249A1C721DAA00BA94BF /* Extensions.swift in Sources */ = {isa = PBXBuildFile; fileRef = AB1924991C721DAA00BA94BF /* Extensions.swift */; };
		AB19249C1C721F3400BA94BF /* MainViewController.swift in Sources */ = {isa = PBXBuildFile; fileRef = AB19249B1C721F3400BA94BF /* MainViewController.swift */; };
		AB19249E1C732CFC00BA94BF /* OnlineUsersTableViewController.swift in Sources */ = {isa = PBXBuildFile; fileRef = AB19249D1C732CFC00BA94BF /* OnlineUsersTableViewController.swift */; };
		AB786B7F1C6B6A72009910F1 /* AppDelegate.swift in Sources */ = {isa = PBXBuildFile; fileRef = AB786B7E1C6B6A72009910F1 /* AppDelegate.swift */; };
		AB786B811C6B6A72009910F1 /* LoginViewController.swift in Sources */ = {isa = PBXBuildFile; fileRef = AB786B801C6B6A72009910F1 /* LoginViewController.swift */; };
		AB786B841C6B6A72009910F1 /* Main.storyboard in Resources */ = {isa = PBXBuildFile; fileRef = AB786B821C6B6A72009910F1 /* Main.storyboard */; };
		AB786B861C6B6A72009910F1 /* Assets.xcassets in Resources */ = {isa = PBXBuildFile; fileRef = AB786B851C6B6A72009910F1 /* Assets.xcassets */; };
		AB786B891C6B6A72009910F1 /* LaunchScreen.storyboard in Resources */ = {isa = PBXBuildFile; fileRef = AB786B871C6B6A72009910F1 /* LaunchScreen.storyboard */; };
		AB786B911C6B7DA0009910F1 /* GroceryListTableViewController.swift in Sources */ = {isa = PBXBuildFile; fileRef = AB786B901C6B7DA0009910F1 /* GroceryListTableViewController.swift */; };
		B6F5B4B43E994E618E5936F8 /* Pods_GroceryList.framework in Frameworks */ = {isa = PBXBuildFile; fileRef = C6E3A058046C86A6B7886578 /* Pods_GroceryList.framework */; };
/* End PBXBuildFile section */

/* Begin PBXFileReference section */
		5793370F81263C4C9B944C2A /* Pods-GroceryList.release.xcconfig */ = {isa = PBXFileReference; includeInIndex = 1; lastKnownFileType = text.xcconfig; name = "Pods-GroceryList.release.xcconfig"; path = "Pods/Target Support Files/Pods-GroceryList/Pods-GroceryList.release.xcconfig"; sourceTree = "<group>"; };
		AB1924901C71FDB100BA94BF /* GroceryItem.swift */ = {isa = PBXFileReference; fileEncoding = 4; lastKnownFileType = sourcecode.swift; path = GroceryItem.swift; sourceTree = "<group>"; };
		AB1924921C71FDC400BA94BF /* User.swift */ = {isa = PBXFileReference; fileEncoding = 4; lastKnownFileType = sourcecode.swift; path = User.swift; sourceTree = "<group>"; };
		AB1924951C721D5D00BA94BF /* TabsScrollView.swift */ = {isa = PBXFileReference; fileEncoding = 4; lastKnownFileType = sourcecode.swift; path = TabsScrollView.swift; sourceTree = "<group>"; };
		AB1924961C721D5D00BA94BF /* TabsViewController.swift */ = {isa = PBXFileReference; fileEncoding = 4; lastKnownFileType = sourcecode.swift; path = TabsViewController.swift; sourceTree = "<group>"; };
		AB1924991C721DAA00BA94BF /* Extensions.swift */ = {isa = PBXFileReference; fileEncoding = 4; lastKnownFileType = sourcecode.swift; path = Extensions.swift; sourceTree = "<group>"; };
		AB19249B1C721F3400BA94BF /* MainViewController.swift */ = {isa = PBXFileReference; fileEncoding = 4; lastKnownFileType = sourcecode.swift; path = MainViewController.swift; sourceTree = "<group>"; };
		AB19249D1C732CFC00BA94BF /* OnlineUsersTableViewController.swift */ = {isa = PBXFileReference; fileEncoding = 4; lastKnownFileType = sourcecode.swift; path = OnlineUsersTableViewController.swift; sourceTree = "<group>"; };
		AB786B7B1C6B6A72009910F1 /* GroceryList.app */ = {isa = PBXFileReference; explicitFileType = wrapper.application; includeInIndex = 0; path = GroceryList.app; sourceTree = BUILT_PRODUCTS_DIR; };
		AB786B7E1C6B6A72009910F1 /* AppDelegate.swift */ = {isa = PBXFileReference; lastKnownFileType = sourcecode.swift; path = AppDelegate.swift; sourceTree = "<group>"; };
		AB786B801C6B6A72009910F1 /* LoginViewController.swift */ = {isa = PBXFileReference; lastKnownFileType = sourcecode.swift; path = LoginViewController.swift; sourceTree = "<group>"; };
		AB786B831C6B6A72009910F1 /* Base */ = {isa = PBXFileReference; lastKnownFileType = file.storyboard; name = Base; path = Base.lproj/Main.storyboard; sourceTree = "<group>"; };
		AB786B851C6B6A72009910F1 /* Assets.xcassets */ = {isa = PBXFileReference; lastKnownFileType = folder.assetcatalog; path = Assets.xcassets; sourceTree = "<group>"; };
		AB786B881C6B6A72009910F1 /* Base */ = {isa = PBXFileReference; lastKnownFileType = file.storyboard; name = Base; path = Base.lproj/LaunchScreen.storyboard; sourceTree = "<group>"; };
		AB786B8A1C6B6A72009910F1 /* Info.plist */ = {isa = PBXFileReference; lastKnownFileType = text.plist.xml; path = Info.plist; sourceTree = "<group>"; };
		AB786B901C6B7DA0009910F1 /* GroceryListTableViewController.swift */ = {isa = PBXFileReference; fileEncoding = 4; lastKnownFileType = sourcecode.swift; path = GroceryListTableViewController.swift; sourceTree = "<group>"; };
		AD80F9908A7DC2F8830BCCB1 /* Pods-GroceryList.debug.xcconfig */ = {isa = PBXFileReference; includeInIndex = 1; lastKnownFileType = text.xcconfig; name = "Pods-GroceryList.debug.xcconfig"; path = "Pods/Target Support Files/Pods-GroceryList/Pods-GroceryList.debug.xcconfig"; sourceTree = "<group>"; };
		C6E3A058046C86A6B7886578 /* Pods_GroceryList.framework */ = {isa = PBXFileReference; explicitFileType = wrapper.framework; includeInIndex = 0; path = Pods_GroceryList.framework; sourceTree = BUILT_PRODUCTS_DIR; };
/* End PBXFileReference section */

/* Begin PBXFrameworksBuildPhase section */
		AB786B781C6B6A72009910F1 /* Frameworks */ = {
			isa = PBXFrameworksBuildPhase;
			buildActionMask = 2147483647;
			files = (
				B6F5B4B43E994E618E5936F8 /* Pods_GroceryList.framework in Frameworks */,
			);
			runOnlyForDeploymentPostprocessing = 0;
		};
/* End PBXFrameworksBuildPhase section */

/* Begin PBXGroup section */
		62170295A0DA8D770288B057 /* Pods */ = {
			isa = PBXGroup;
			children = (
				AD80F9908A7DC2F8830BCCB1 /* Pods-GroceryList.debug.xcconfig */,
				5793370F81263C4C9B944C2A /* Pods-GroceryList.release.xcconfig */,
			);
			name = Pods;
			sourceTree = "<group>";
		};
		7D6F91E4A8B4CEAA8679417C /* Frameworks */ = {
			isa = PBXGroup;
			children = (
				C6E3A058046C86A6B7886578 /* Pods_GroceryList.framework */,
			);
			name = Frameworks;
			sourceTree = "<group>";
		};
		AB19248F1C71FD8500BA94BF /* Models */ = {
			isa = PBXGroup;
			children = (
				AB1924901C71FDB100BA94BF /* GroceryItem.swift */,
				AB1924921C71FDC400BA94BF /* User.swift */,
			);
			name = Models;
			sourceTree = "<group>";
		};
		AB1924941C721D2000BA94BF /* TabsViewController */ = {
			isa = PBXGroup;
			children = (
				AB1924951C721D5D00BA94BF /* TabsScrollView.swift */,
				AB1924961C721D5D00BA94BF /* TabsViewController.swift */,
				AB1924991C721DAA00BA94BF /* Extensions.swift */,
			);
			name = TabsViewController;
			sourceTree = "<group>";
		};
		AB786B721C6B6A72009910F1 = {
			isa = PBXGroup;
			children = (
				AB786B7D1C6B6A72009910F1 /* GroceryList */,
				AB786B7C1C6B6A72009910F1 /* Products */,
				62170295A0DA8D770288B057 /* Pods */,
				7D6F91E4A8B4CEAA8679417C /* Frameworks */,
			);
			sourceTree = "<group>";
		};
		AB786B7C1C6B6A72009910F1 /* Products */ = {
			isa = PBXGroup;
			children = (
				AB786B7B1C6B6A72009910F1 /* GroceryList.app */,
			);
			name = Products;
			sourceTree = "<group>";
		};
		AB786B7D1C6B6A72009910F1 /* GroceryList */ = {
			isa = PBXGroup;
			children = (
				AB1924941C721D2000BA94BF /* TabsViewController */,
				AB19248F1C71FD8500BA94BF /* Models */,
				AB786B7E1C6B6A72009910F1 /* AppDelegate.swift */,
				AB786B801C6B6A72009910F1 /* LoginViewController.swift */,
				AB19249B1C721F3400BA94BF /* MainViewController.swift */,
				AB786B901C6B7DA0009910F1 /* GroceryListTableViewController.swift */,
				AB19249D1C732CFC00BA94BF /* OnlineUsersTableViewController.swift */,
				AB786B821C6B6A72009910F1 /* Main.storyboard */,
				AB786B851C6B6A72009910F1 /* Assets.xcassets */,
				AB786B871C6B6A72009910F1 /* LaunchScreen.storyboard */,
				AB786B8A1C6B6A72009910F1 /* Info.plist */,
			);
			path = GroceryList;
			sourceTree = "<group>";
		};
/* End PBXGroup section */

/* Begin PBXNativeTarget section */
		AB786B7A1C6B6A72009910F1 /* GroceryList */ = {
			isa = PBXNativeTarget;
			buildConfigurationList = AB786B8D1C6B6A72009910F1 /* Build configuration list for PBXNativeTarget "GroceryList" */;
			buildPhases = (
				AAD8A0396F00E1A497488B80 /* Check Pods Manifest.lock */,
				AB786B771C6B6A72009910F1 /* Sources */,
				AB786B781C6B6A72009910F1 /* Frameworks */,
				AB786B791C6B6A72009910F1 /* Resources */,
				0ED49C9B634866089F478398 /* Embed Pods Frameworks */,
				B6D72F834AF9C17E8C0FE376 /* Copy Pods Resources */,
			);
			buildRules = (
			);
			dependencies = (
			);
			name = GroceryList;
			productName = GroceryList;
			productReference = AB786B7B1C6B6A72009910F1 /* GroceryList.app */;
			productType = "com.apple.product-type.application";
		};
/* End PBXNativeTarget section */

/* Begin PBXProject section */
		AB786B731C6B6A72009910F1 /* Project object */ = {
			isa = PBXProject;
			attributes = {
				LastSwiftUpdateCheck = 0710;
				LastUpgradeCheck = 0710;
				ORGANIZATIONNAME = "Alexander Blokhin";
				TargetAttributes = {
					AB786B7A1C6B6A72009910F1 = {
						CreatedOnToolsVersion = 7.1.1;
					};
				};
			};
			buildConfigurationList = AB786B761C6B6A72009910F1 /* Build configuration list for PBXProject "GroceryList" */;
			compatibilityVersion = "Xcode 3.2";
			developmentRegion = English;
			hasScannedForEncodings = 0;
			knownRegions = (
				en,
				Base,
			);
			mainGroup = AB786B721C6B6A72009910F1;
			productRefGroup = AB786B7C1C6B6A72009910F1 /* Products */;
			projectDirPath = "";
			projectRoot = "";
			targets = (
				AB786B7A1C6B6A72009910F1 /* GroceryList */,
			);
		};
/* End PBXProject section */

/* Begin PBXResourcesBuildPhase section */
		AB786B791C6B6A72009910F1 /* Resources */ = {
			isa = PBXResourcesBuildPhase;
			buildActionMask = 2147483647;
			files = (
				AB786B891C6B6A72009910F1 /* LaunchScreen.storyboard in Resources */,
				AB786B861C6B6A72009910F1 /* Assets.xcassets in Resources */,
				AB786B841C6B6A72009910F1 /* Main.storyboard in Resources */,
			);
			runOnlyForDeploymentPostprocessing = 0;
		};
/* End PBXResourcesBuildPhase section */

/* Begin PBXShellScriptBuildPhase section */
		0ED49C9B634866089F478398 /* Embed Pods Frameworks */ = {
			isa = PBXShellScriptBuildPhase;
			buildActionMask = 2147483647;
			files = (
			);
			inputPaths = (
			);
			name = "Embed Pods Frameworks";
			outputPaths = (
			);
			runOnlyForDeploymentPostprocessing = 0;
			shellPath = /bin/sh;
			shellScript = "\"${SRCROOT}/Pods/Target Support Files/Pods-GroceryList/Pods-GroceryList-frameworks.sh\"\n";
			showEnvVarsInLog = 0;
		};
		AAD8A0396F00E1A497488B80 /* Check Pods Manifest.lock */ = {
			isa = PBXShellScriptBuildPhase;
			buildActionMask = 2147483647;
			files = (
			);
			inputPaths = (
			);
			name = "Check Pods Manifest.lock";
			outputPaths = (
			);
			runOnlyForDeploymentPostprocessing = 0;
			shellPath = /bin/sh;
			shellScript = "diff \"${PODS_ROOT}/../Podfile.lock\" \"${PODS_ROOT}/Manifest.lock\" > /dev/null\nif [[ $? != 0 ]] ; then\n    cat << EOM\nerror: The sandbox is not in sync with the Podfile.lock. Run 'pod install' or update your CocoaPods installation.\nEOM\n    exit 1\nfi\n";
			showEnvVarsInLog = 0;
		};
		B6D72F834AF9C17E8C0FE376 /* Copy Pods Resources */ = {
			isa = PBXShellScriptBuildPhase;
			buildActionMask = 2147483647;
			files = (
			);
			inputPaths = (
			);
			name = "Copy Pods Resources";
			outputPaths = (
			);
			runOnlyForDeploymentPostprocessing = 0;
			shellPath = /bin/sh;
			shellScript = "\"${SRCROOT}/Pods/Target Support Files/Pods-GroceryList/Pods-GroceryList-resources.sh\"\n";
			showEnvVarsInLog = 0;
		};
/* End PBXShellScriptBuildPhase section */

/* Begin PBXSourcesBuildPhase section */
		AB786B771C6B6A72009910F1 /* Sources */ = {
			isa = PBXSourcesBuildPhase;
			buildActionMask = 2147483647;
			files = (
				AB786B811C6B6A72009910F1 /* LoginViewController.swift in Sources */,
				AB1924981C721D5D00BA94BF /* TabsViewController.swift in Sources */,
				AB786B911C6B7DA0009910F1 /* GroceryListTableViewController.swift in Sources */,
				AB19249A1C721DAA00BA94BF /* Extensions.swift in Sources */,
				AB1924911C71FDB100BA94BF /* GroceryItem.swift in Sources */,
				AB19249E1C732CFC00BA94BF /* OnlineUsersTableViewController.swift in Sources */,
				AB1924931C71FDC400BA94BF /* User.swift in Sources */,
				AB19249C1C721F3400BA94BF /* MainViewController.swift in Sources */,
				AB786B7F1C6B6A72009910F1 /* AppDelegate.swift in Sources */,
				AB1924971C721D5D00BA94BF /* TabsScrollView.swift in Sources */,
			);
			runOnlyForDeploymentPostprocessing = 0;
		};
/* End PBXSourcesBuildPhase section */

/* Begin PBXVariantGroup section */
		AB786B821C6B6A72009910F1 /* Main.storyboard */ = {
			isa = PBXVariantGroup;
			children = (
				AB786B831C6B6A72009910F1 /* Base */,
			);
			name = Main.storyboard;
			sourceTree = "<group>";
		};
		AB786B871C6B6A72009910F1 /* LaunchScreen.storyboard */ = {
			isa = PBXVariantGroup;
			children = (
				AB786B881C6B6A72009910F1 /* Base */,
			);
			name = LaunchScreen.storyboard;
			sourceTree = "<group>";
		};
/* End PBXVariantGroup section */

/* Begin XCBuildConfiguration section */
		AB786B8B1C6B6A72009910F1 /* Debug */ = {
			isa = XCBuildConfiguration;
			buildSettings = {
				ALWAYS_SEARCH_USER_PATHS = NO;
				CLANG_CXX_LANGUAGE_STANDARD = "gnu++0x";
				CLANG_CXX_LIBRARY = "libc++";
				CLANG_ENABLE_MODULES = YES;
				CLANG_ENABLE_OBJC_ARC = YES;
				CLANG_WARN_BOOL_CONVERSION = YES;
				CLANG_WARN_CONSTANT_CONVERSION = YES;
				CLANG_WARN_DIRECT_OBJC_ISA_USAGE = YES_ERROR;
				CLANG_WARN_EMPTY_BODY = YES;
				CLANG_WARN_ENUM_CONVERSION = YES;
				CLANG_WARN_INT_CONVERSION = YES;
				CLANG_WARN_OBJC_ROOT_CLASS = YES_ERROR;
				CLANG_WARN_UNREACHABLE_CODE = YES;
				CLANG_WARN__DUPLICATE_METHOD_MATCH = YES;
				"CODE_SIGN_IDENTITY[sdk=iphoneos*]" = "iPhone Developer";
				COPY_PHASE_STRIP = NO;
				DEBUG_INFORMATION_FORMAT = dwarf;
				ENABLE_STRICT_OBJC_MSGSEND = YES;
				ENABLE_TESTABILITY = YES;
				GCC_C_LANGUAGE_STANDARD = gnu99;
				GCC_DYNAMIC_NO_PIC = NO;
				GCC_NO_COMMON_BLOCKS = YES;
				GCC_OPTIMIZATION_LEVEL = 0;
				GCC_PREPROCESSOR_DEFINITIONS = (
					"DEBUG=1",
					"$(inherited)",
				);
				GCC_WARN_64_TO_32_BIT_CONVERSION = YES;
				GCC_WARN_ABOUT_RETURN_TYPE = YES_ERROR;
				GCC_WARN_UNDECLARED_SELECTOR = YES;
				GCC_WARN_UNINITIALIZED_AUTOS = YES_AGGRESSIVE;
				GCC_WARN_UNUSED_FUNCTION = YES;
				GCC_WARN_UNUSED_VARIABLE = YES;
				IPHONEOS_DEPLOYMENT_TARGET = 9.1;
				MTL_ENABLE_DEBUG_INFO = YES;
				ONLY_ACTIVE_ARCH = YES;
				SDKROOT = iphoneos;
				SWIFT_OPTIMIZATION_LEVEL = "-Onone";
			};
			name = Debug;
		};
		AB786B8C1C6B6A72009910F1 /* Release */ = {
			isa = XCBuildConfiguration;
			buildSettings = {
				ALWAYS_SEARCH_USER_PATHS = NO;
				CLANG_CXX_LANGUAGE_STANDARD = "gnu++0x";
				CLANG_CXX_LIBRARY = "libc++";
				CLANG_ENABLE_MODULES = YES;
				CLANG_ENABLE_OBJC_ARC = YES;
				CLANG_WARN_BOOL_CONVERSION = YES;
				CLANG_WARN_CONSTANT_CONVERSION = YES;
				CLANG_WARN_DIRECT_OBJC_ISA_USAGE = YES_ERROR;
				CLANG_WARN_EMPTY_BODY = YES;
				CLANG_WARN_ENUM_CONVERSION = YES;
				CLANG_WARN_INT_CONVERSION = YES;
				CLANG_WARN_OBJC_ROOT_CLASS = YES_ERROR;
				CLANG_WARN_UNREACHABLE_CODE = YES;
				CLANG_WARN__DUPLICATE_METHOD_MATCH = YES;
				"CODE_SIGN_IDENTITY[sdk=iphoneos*]" = "iPhone Developer";
				COPY_PHASE_STRIP = NO;
				DEBUG_INFORMATION_FORMAT = "dwarf-with-dsym";
				ENABLE_NS_ASSERTIONS = NO;
				ENABLE_STRICT_OBJC_MSGSEND = YES;
				GCC_C_LANGUAGE_STANDARD = gnu99;
				GCC_NO_COMMON_BLOCKS = YES;
				GCC_WARN_64_TO_32_BIT_CONVERSION = YES;
				GCC_WARN_ABOUT_RETURN_TYPE = YES_ERROR;
				GCC_WARN_UNDECLARED_SELECTOR = YES;
				GCC_WARN_UNINITIALIZED_AUTOS = YES_AGGRESSIVE;
				GCC_WARN_UNUSED_FUNCTION = YES;
				GCC_WARN_UNUSED_VARIABLE = YES;
				IPHONEOS_DEPLOYMENT_TARGET = 9.1;
				MTL_ENABLE_DEBUG_INFO = NO;
				SDKROOT = iphoneos;
				VALIDATE_PRODUCT = YES;
			};
			name = Release;
		};
		AB786B8E1C6B6A72009910F1 /* Debug */ = {
			isa = XCBuildConfiguration;
			baseConfigurationReference = AD80F9908A7DC2F8830BCCB1 /* Pods-GroceryList.debug.xcconfig */;
			buildSettings = {
				ASSETCATALOG_COMPILER_APPICON_NAME = AppIcon;
				INFOPLIST_FILE = GroceryList/Info.plist;
				LD_RUNPATH_SEARCH_PATHS = "$(inherited) @executable_path/Frameworks";
				PRODUCT_BUNDLE_IDENTIFIER = com.jampps.GroceryList;
				PRODUCT_NAME = "$(TARGET_NAME)";
			};
			name = Debug;
		};
		AB786B8F1C6B6A72009910F1 /* Release */ = {
			isa = XCBuildConfiguration;
			baseConfigurationReference = 5793370F81263C4C9B944C2A /* Pods-GroceryList.release.xcconfig */;
			buildSettings = {
				ASSETCATALOG_COMPILER_APPICON_NAME = AppIcon;
				INFOPLIST_FILE = GroceryList/Info.plist;
				LD_RUNPATH_SEARCH_PATHS = "$(inherited) @executable_path/Frameworks";
				PRODUCT_BUNDLE_IDENTIFIER = com.jampps.GroceryList;
				PRODUCT_NAME = "$(TARGET_NAME)";
			};
			name = Release;
		};
/* End XCBuildConfiguration section */

/* Begin XCConfigurationList section */
		AB786B761C6B6A72009910F1 /* Build configuration list for PBXProject "GroceryList" */ = {
			isa = XCConfigurationList;
			buildConfigurations = (
				AB786B8B1C6B6A72009910F1 /* Debug */,
				AB786B8C1C6B6A72009910F1 /* Release */,
			);
			defaultConfigurationIsVisible = 0;
			defaultConfigurationName = Release;
		};
		AB786B8D1C6B6A72009910F1 /* Build configuration list for PBXNativeTarget "GroceryList" */ = {
			isa = XCConfigurationList;
			buildConfigurations = (
				AB786B8E1C6B6A72009910F1 /* Debug */,
				AB786B8F1C6B6A72009910F1 /* Release */,
			);
			defaultConfigurationIsVisible = 0;
			defaultConfigurationName = Release;
		};
/* End XCConfigurationList section */
	};
	rootObject = AB786B731C6B6A72009910F1 /* Project object */;
}
